{
  "lockfile_version": "1",
  "packages": {
    "github:NixOS/nixpkgs/nixpkgs-unstable": {
      "last_modified": "2026-02-24T08:56:33Z",
      "resolved": "github:NixOS/nixpkgs/ea7f1f06811ce7fcc81d6c6fd4213150c23edcf2?lastModified=1771923393"
    },
    "libyaml.dev": {
      "resolved": "github:NixOS/nixpkgs/ea7f1f06811ce7fcc81d6c6fd4213150c23edcf2#libyaml.dev",
      "source": "nixpkg",
      "systems": {
        "x86_64-linux": {
          "outputs": [
            {
              "name": "dev",
              "path": "/tmp/containerbase/cache/nix/store/ay33rynin961i3rbsribz3hdsfw9z9am-libyaml-0.2.5-dev",
              "default": true
            }
          ]
        }
      }
    },
    "pkg-config@latest": {
      "last_modified": "2025-11-23T21:50:36Z",
      "resolved": "github:NixOS/nixpkgs/ee09932cedcef15aaf476f9343d1dea2cb77e261#pkg-config",
      "source": "devbox-search",
      "version": "0.29.2",
      "systems": {
        "aarch64-darwin": {
          "outputs": [
            {
              "name": "out",
              "path": "/nix/store/hygaaqwk9ylklp0ybwppqhw75nz8ya41-pkg-config-wrapper-0.29.2",
              "default": true
            },
            {
              "name": "man",
              "path": "/nix/store/9px0sji43x3r2w4zxl3j3idwsql7lwxx-pkg-config-wrapper-0.29.2-man",
              "default": true
            },
            {
              "name": "doc",
              "path": "/nix/store/hqk44ra6qxw7iixardl6c3hdgb9kq6ns-pkg-config-wrapper-0.29.2-doc"
            }
          ],
          "store_path": "/nix/store/hygaaqwk9ylklp0ybwppqhw75nz8ya41-pkg-config-wrapper-0.29.2"
        },
        "aarch64-linux": {
          "outputs": [
            {
              "name": "out",
              "path": "/nix/store/lbiigi8qbp7mzf1lpr7p982l1kyf01ql-pkg-config-wrapper-0.29.2",
              "default": true
            },
            {
              "name": "man",
              "path": "/nix/store/10060k24qggqyzlwdsfmni9y32zxcg0j-pkg-config-wrapper-0.29.2-man",
              "default": true
            },
            {
              "name": "doc",
              "path": "/nix/store/0y4v51ndpyvkj09hwlfqkz0c3h17zfmc-pkg-config-wrapper-0.29.2-doc"
            }
          ],
          "store_path": "/nix/store/lbiigi8qbp7mzf1lpr7p982l1kyf01ql-pkg-config-wrapper-0.29.2"
        },
        "x86_64-darwin": {
          "outputs": [
            {
              "name": "out",
              "path": "/nix/store/vknadizq0q5kffvx6y4379p9gdry9zq3-pkg-config-wrapper-0.29.2",
              "default": true
            },
            {
              "name": "man",
              "path": "/nix/store/1nyspra675q22gfhf7hn2nmfpi6rgim5-pkg-config-wrapper-0.29.2-man",
              "default": true
            },
            {
              "name": "doc",
              "path": "/nix/store/7lq1axxwrafwljs06n88bzyz9w523rkc-pkg-config-wrapper-0.29.2-doc"
            }
          ],
          "store_path": "/nix/store/vknadizq0q5kffvx6y4379p9gdry9zq3-pkg-config-wrapper-0.29.2"
        },
        "x86_64-linux": {
          "outputs": [
            {
              "name": "out",
              "path": "/nix/store/8vdiwpbh0g4avsd6x5v4s0di32vcl3dp-pkg-config-wrapper-0.29.2",
              "default": true
            },
            {
              "name": "man",
              "path": "/nix/store/j9xfpnrygg3v37svc5pfin9q5bm49r94-pkg-config-wrapper-0.29.2-man",
              "default": true
            },
            {
              "name": "doc",
              "path": "/nix/store/x3bypxdxaq20kykybhkf21x4jczsiy8y-pkg-config-wrapper-0.29.2-doc"
            }
          ],
          "store_path": "/nix/store/8vdiwpbh0g4avsd6x5v4s0di32vcl3dp-pkg-config-wrapper-0.29.2"
        }
      }
    },
    "ruby@3.4.8": {
      "last_modified": "2026-03-21T07:29:51Z",
      "plugin_version": "0.0.2",
      "resolved": "github:NixOS/nixpkgs/09061f748ee21f68a089cd5d91ec1859cd93d0be#ruby",
      "source": "devbox-search",
      "version": "3.4.8",
      "systems": {
        "aarch64-darwin": {
          "outputs": [
            {
              "name": "out",
              "path": "/nix/store/88sazm3fj9kabg4pxmnjc53cx0syp8fk-ruby-3.4.8",
              "default": true
            },
            {
              "name": "devdoc",
              "path": "/nix/store/mk7a50jsk138apqrnlzc077cik8cr47m-ruby-3.4.8-devdoc"
            }
          ],
          "store_path": "/nix/store/88sazm3fj9kabg4pxmnjc53cx0syp8fk-ruby-3.4.8"
        },
        "aarch64-linux": {
          "outputs": [
            {
              "name": "out",
              "path": "/nix/store/rpcpk0lxd8iliza4nl9apsgrpsb2yk4d-ruby-3.4.8",
              "default": true
            },
            {
              "name": "devdoc",
              "path": "/nix/store/9wnq7dd2yw2lbjs69y19lm08ranqa930-ruby-3.4.8-devdoc"
            }
          ],
          "store_path": "/nix/store/rpcpk0lxd8iliza4nl9apsgrpsb2yk4d-ruby-3.4.8"
        },
        "x86_64-darwin": {
          "outputs": [
            {
              "name": "out",
              "path": "/nix/store/gq0vdqfz16vf64ip8p749rmygxd7n3x1-ruby-3.4.8",
              "default": true
            },
            {
              "name": "devdoc",
              "path": "/nix/store/k3yn26wvgk4mfrd5nw4a23wnijd9hz6c-ruby-3.4.8-devdoc"
            }
          ],
          "store_path": "/nix/store/gq0vdqfz16vf64ip8p749rmygxd7n3x1-ruby-3.4.8"
        },
        "x86_64-linux": {
          "outputs": [
            {
              "name": "out",
              "path": "/nix/store/s57rf37r1i38kpm3nlv4h8f8z2w2n80d-ruby-3.4.8",
              "default": true
            },
            {
              "name": "devdoc",
              "path": "/nix/store/4k6c15chplw6cicc6f3lgzmi7i4792j6-ruby-3.4.8-devdoc"
            }
          ],
          "store_path": "/nix/store/s57rf37r1i38kpm3nlv4h8f8z2w2n80d-ruby-3.4.8"
        }
      }
    }
  }
}
